{
  "nodes": {
    "flake-utils": {
      "inputs": {
        "systems": "systems"
      },
      "locked": {
        "lastModified": 1710146030,
        "narHash": "sha256-SZ5L6eA7HJ/nmkzGG7/ISclqe6oZdOZTNoesiInkXPQ=",
        "owner": "numtide",
        "repo": "flake-utils",
        "rev": "b1d9ab70662946ef0850d488da1c9019f3a9752a",
        "type": "github"
      },
      "original": {
        "owner": "numtide",
        "repo": "flake-utils",
        "type": "github"
      }
    },
    "nil-crypto3": {
      "inputs": {
        "flake-utils": [
          "flake-utils"
        ],
        "nix-3rdparty": "nix-3rdparty",
        "nixpkgs": [
          "nixpkgs"
        ]
      },
      "locked": {
        "lastModified": 1721720987,
        "narHash": "sha256-+ah13O1r8cUZOJpv5AKFbl5WmsGc2bBkiji8gKZY8cU=",
        "ref": "refs/heads/master",
        "rev": "87edbf57f8ff14ed31ab67180dd504a229e2be87",
        "revCount": 9161,
        "submodules": false,
        "type": "git",
        "url": "https://github.com/NilFoundation/crypto3"
      },
      "original": {
        "submodules": false,
        "type": "git",
        "url": "https://github.com/NilFoundation/crypto3"
      }
    },
    "nil-zkllvm-blueprint": {
      "inputs": {
        "flake-utils": [
          "flake-utils"
        ],
        "nil-crypto3": [
          "nil-crypto3"
        ],
        "nix-3rdparty": "nix-3rdparty_2",
        "nixpkgs": [
          "nixpkgs"
        ]
      },
      "locked": {
        "lastModified": 1721734595,
        "narHash": "sha256-P/L6jsOGT0L8dCfuMi7wvnqUknakbwYCI+ra8u0eCxc=",
        "ref": "refs/heads/master",
        "rev": "cfd44a0a29365f59dc00ce06ac041110cdd06c95",
        "revCount": 1253,
        "submodules": true,
        "type": "git",
        "url": "https://github.com/NilFoundation/zkllvm-blueprint"
      },
      "original": {
        "submodules": true,
        "type": "git",
        "url": "https://github.com/NilFoundation/zkllvm-blueprint"
      }
    },
    "nix-3rdparty": {
      "inputs": {
        "flake-utils": [
          "nil-crypto3",
          "flake-utils"
        ],
        "nixpkgs": [
          "nil-crypto3",
          "nixpkgs"
        ]
      },
      "locked": {
        "lastModified": 1717519917,
        "narHash": "sha256-GqzEqEW4Uz9Z7uDZwers0t9seWRNbRWPNE3OJnjE1Uw=",
        "owner": "NilFoundation",
        "repo": "nix-3rdparty",
        "rev": "a2e45429aa25a4a6e8e362ef17df6f197312f224",
        "type": "github"
      },
      "original": {
        "owner": "NilFoundation",
        "repo": "nix-3rdparty",
        "type": "github"
      }
    },
    "nix-3rdparty_2": {
      "inputs": {
        "flake-utils": [
          "nil-zkllvm-blueprint",
          "flake-utils"
        ],
        "nixpkgs": [
          "nil-zkllvm-blueprint",
          "nixpkgs"
        ]
      },
      "locked": {
        "lastModified": 1717519917,
        "narHash": "sha256-GqzEqEW4Uz9Z7uDZwers0t9seWRNbRWPNE3OJnjE1Uw=",
        "owner": "NilFoundation",
        "repo": "nix-3rdparty",
        "rev": "a2e45429aa25a4a6e8e362ef17df6f197312f224",
        "type": "github"
      },
      "original": {
        "owner": "NilFoundation",
        "repo": "nix-3rdparty",
        "type": "github"
      }
    },
    "nix-3rdparty_3": {
      "inputs": {
        "flake-utils": [
          "flake-utils"
        ],
        "nixpkgs": [
          "nixpkgs"
        ]
      },
      "locked": {
        "lastModified": 1721822436,
        "narHash": "sha256-AQidmv80fA72FFHgyjCq9Psc04w9aaHedJpoVgnLb6M=",
        "owner": "NilFoundation",
        "repo": "nix-3rdparty",
        "rev": "d14a2a3c4b9498b297400b225fc09570bfe0a9a1",
        "type": "github"
      },
      "original": {
        "owner": "NilFoundation",
        "repo": "nix-3rdparty",
        "type": "github"
      }
    },
    "nixpkgs": {
      "locked": {
        "lastModified": 1721899448,
        "narHash": "sha256-9/hH1MfJyDKFgxD0HxQEzZN+SqiX3taKAoigFkr87Ls=",
        "owner": "NixOS",
        "repo": "nixpkgs",
        "rev": "aefcf1642cc10d7427019670f8f32b561f7fb070",
        "type": "github"
      },
      "original": {
        "owner": "NixOS",
        "repo": "nixpkgs",
        "type": "github"
      }
    },
    "root": {
      "inputs": {
        "flake-utils": "flake-utils",
        "nil-crypto3": "nil-crypto3",
        "nil-zkllvm-blueprint": "nil-zkllvm-blueprint",
        "nix-3rdparty": "nix-3rdparty_3",
        "nixpkgs": "nixpkgs"
      }
    },
    "systems": {
      "locked": {
        "lastModified": 1681028828,
        "narHash": "sha256-Vy1rq5AaRuLzOxct8nz4T6wlgyUR7zLU309k9mBC768=",
        "owner": "nix-systems",
        "repo": "default",
        "rev": "da67096a3b9bf56a91d16901293e51ba5b49a27e",
        "type": "github"
      },
      "original": {
        "owner": "nix-systems",
        "repo": "default",
        "type": "github"
      }
    }
  },
  "root": "root",
  "version": 7
}
