{
  "nodes": {
    "flake-utils": {
      "inputs": {
        "systems": "systems"
      },
      "locked": {
        "lastModified": 1710146030,
        "narHash": "sha256-SZ5L6eA7HJ/nmkzGG7/ISclqe6oZdOZTNoesiInkXPQ=",
        "owner": "numtide",
        "repo": "flake-utils",
        "rev": "b1d9ab70662946ef0850d488da1c9019f3a9752a",
        "type": "github"
      },
      "original": {
        "owner": "numtide",
        "repo": "flake-utils",
        "type": "github"
      }
    },
    "flake-utils_2": {
      "inputs": {
        "systems": "systems_2"
      },
      "locked": {
        "lastModified": 1710146030,
        "narHash": "sha256-SZ5L6eA7HJ/nmkzGG7/ISclqe6oZdOZTNoesiInkXPQ=",
        "owner": "numtide",
        "repo": "flake-utils",
        "rev": "b1d9ab70662946ef0850d488da1c9019f3a9752a",
        "type": "github"
      },
      "original": {
        "owner": "numtide",
        "repo": "flake-utils",
        "type": "github"
      }
    },
    "flake-utils_3": {
      "inputs": {
        "systems": "systems_3"
      },
      "locked": {
        "lastModified": 1710146030,
        "narHash": "sha256-SZ5L6eA7HJ/nmkzGG7/ISclqe6oZdOZTNoesiInkXPQ=",
        "owner": "numtide",
        "repo": "flake-utils",
        "rev": "b1d9ab70662946ef0850d488da1c9019f3a9752a",
        "type": "github"
      },
      "original": {
        "owner": "numtide",
        "repo": "flake-utils",
        "type": "github"
      }
    },
    "nil-crypto3": {
      "inputs": {
        "nix-3rdparty": "nix-3rdparty",
        "nixpkgs": [
          "nixpkgs"
        ]
      },
      "locked": {
        "lastModified": 1720200505,
        "narHash": "sha256-eKb9e/+E+jZKdoJrsvUhaKqElfio6PMl97W+bSvKq+Q=",
        "ref": "refs/heads/master",
        "rev": "3bd5b8df2091274abaa28fd86b9e3e89d661b95a",
        "revCount": 9150,
        "submodules": true,
        "type": "git",
        "url": "https://github.com/NilFoundation/crypto3?submodules=0&rev=caf78b83692b39f504c4ee74a3834a4c38662a77"
      },
      "original": {
        "submodules": true,
        "type": "git",
        "url": "https://github.com/NilFoundation/crypto3?submodules=0&rev=caf78b83692b39f504c4ee74a3834a4c38662a77"
      }
    },
    "nil-zkllvm-blueprint": {
      "inputs": {
        "flake-utils": "flake-utils_3",
        "nil-crypto3": [
          "nil-crypto3"
        ],
        "nixpkgs": [
          "nixpkgs"
        ]
      },
      "locked": {
        "lastModified": 1720092182,
        "narHash": "sha256-WTjhgYwkHjDCSDmDX1SwCH+cuz6OWl9vQaOYCUKOw7c=",
        "ref": "refs/heads/master",
        "rev": "73d6a40e39b6b6fc7b1c84441e62337206dc0815",
        "revCount": 1246,
        "submodules": true,
        "type": "git",
        "url": "https://github.com/NilFoundation/zkllvm-blueprint"
      },
      "original": {
        "submodules": true,
        "type": "git",
        "url": "https://github.com/NilFoundation/zkllvm-blueprint"
      }
    },
    "nix-3rdparty": {
      "inputs": {
        "flake-utils": "flake-utils_2",
        "nixpkgs": [
          "nil-crypto3",
          "nixpkgs"
        ]
      },
      "locked": {
        "lastModified": 1717519917,
        "narHash": "sha256-GqzEqEW4Uz9Z7uDZwers0t9seWRNbRWPNE3OJnjE1Uw=",
        "owner": "NilFoundation",
        "repo": "nix-3rdparty",
        "rev": "a2e45429aa25a4a6e8e362ef17df6f197312f224",
        "type": "github"
      },
      "original": {
        "owner": "NilFoundation",
        "repo": "nix-3rdparty",
        "type": "github"
      }
    },
    "nix-3rdparty_2": {
      "inputs": {
        "flake-utils": [
          "flake-utils"
        ],
        "nixpkgs": [
          "nixpkgs"
        ]
      },
      "locked": {
        "lastModified": 1717519917,
        "narHash": "sha256-GqzEqEW4Uz9Z7uDZwers0t9seWRNbRWPNE3OJnjE1Uw=",
        "owner": "NilFoundation",
        "repo": "nix-3rdparty",
        "rev": "a2e45429aa25a4a6e8e362ef17df6f197312f224",
        "type": "github"
      },
      "original": {
        "owner": "NilFoundation",
        "repo": "nix-3rdparty",
        "type": "github"
      }
    },
    "nixpkgs": {
      "locked": {
        "lastModified": 1720423415,
        "narHash": "sha256-/cRAZMXoZSPHEGyuYkyNSqZ/XbGvW0vXU0Ktz9BJvTI=",
        "owner": "NixOS",
        "repo": "nixpkgs",
        "rev": "c5027e9aa5978597f1b09057cc6345f987226d44",
        "type": "github"
      },
      "original": {
        "owner": "NixOS",
        "repo": "nixpkgs",
        "type": "github"
      }
    },
    "root": {
      "inputs": {
        "flake-utils": "flake-utils",
        "nil-crypto3": "nil-crypto3",
        "nil-zkllvm-blueprint": "nil-zkllvm-blueprint",
        "nix-3rdparty": "nix-3rdparty_2",
        "nixpkgs": "nixpkgs"
      }
    },
    "systems": {
      "locked": {
        "lastModified": 1681028828,
        "narHash": "sha256-Vy1rq5AaRuLzOxct8nz4T6wlgyUR7zLU309k9mBC768=",
        "owner": "nix-systems",
        "repo": "default",
        "rev": "da67096a3b9bf56a91d16901293e51ba5b49a27e",
        "type": "github"
      },
      "original": {
        "owner": "nix-systems",
        "repo": "default",
        "type": "github"
      }
    },
    "systems_2": {
      "locked": {
        "lastModified": 1681028828,
        "narHash": "sha256-Vy1rq5AaRuLzOxct8nz4T6wlgyUR7zLU309k9mBC768=",
        "owner": "nix-systems",
        "repo": "default",
        "rev": "da67096a3b9bf56a91d16901293e51ba5b49a27e",
        "type": "github"
      },
      "original": {
        "owner": "nix-systems",
        "repo": "default",
        "type": "github"
      }
    },
    "systems_3": {
      "locked": {
        "lastModified": 1681028828,
        "narHash": "sha256-Vy1rq5AaRuLzOxct8nz4T6wlgyUR7zLU309k9mBC768=",
        "owner": "nix-systems",
        "repo": "default",
        "rev": "da67096a3b9bf56a91d16901293e51ba5b49a27e",
        "type": "github"
      },
      "original": {
        "owner": "nix-systems",
        "repo": "default",
        "type": "github"
      }
    }
  },
  "root": "root",
  "version": 7
}
